
Microsoft Visual Studio Solution File, Format Version 12.00
# Visual Studio Version 17
VisualStudioVersion = 17.7.34221.43
MinimumVisualStudioVersion = 10.0.40219.1
Project("{FAE04EC0-301F-11D3-BF4B-00C04F79EFBC}") = "MojeDzwieki", "MojeDzwieki.csproj", "{763CBD35-A655-4C7E-A12F-BFD7178CC125}"
EndProject
Global
	GlobalSection(SolutionConfigurationPlatforms) = preSolution
		Debug|Any CPU = Debug|Any CPU
		Release|Any CPU = Release|Any CPU
	EndGlobalSection
	GlobalSection(ProjectConfigurationPlatforms) = postSolution
		{763CBD35-A655-4C7E-A12F-BFD7178CC125}.Debug|Any CPU.ActiveCfg = Debug|Any CPU
		{763CBD35-A655-4C7E-A12F-BFD7178CC125}.Debug|Any CPU.Build.0 = Debug|Any CPU
		{763CBD35-A655-4C7E-A12F-BFD7178CC125}.Release|Any CPU.ActiveCfg = Release|Any CPU
		{763CBD35-A655-4C7E-A12F-BFD7178CC125}.Release|Any CPU.Build.0 = Release|Any CPU
	EndGlobalSection
	GlobalSection(SolutionProperties) = preSolution
		HideSolutionNode = FALSE
	EndGlobalSection
	GlobalSection(ExtensibilityGlobals) = postSolution
		SolutionGuid = {5A119F1E-5D34-4868-90B3-279FBF37EA31}
	EndGlobalSection
EndGlobal
