
Microsoft Visual Studio Solution File, Format Version 12.00
# Visual Studio Version 17
VisualStudioVersion = 17.7.34221.43
MinimumVisualStudioVersion = 10.0.40219.1
Project("{FAE04EC0-301F-11D3-BF4B-00C04F79EFBC}") = "nadaj przesylke", "nadaj przesylke.csproj", "{61E39C86-1A61-4E11-89CD-50F9530D2BBB}"
EndProject
Global
	GlobalSection(SolutionConfigurationPlatforms) = preSolution
		Debug|Any CPU = Debug|Any CPU
		Release|Any CPU = Release|Any CPU
	EndGlobalSection
	GlobalSection(ProjectConfigurationPlatforms) = postSolution
		{61E39C86-1A61-4E11-89CD-50F9530D2BBB}.Debug|Any CPU.ActiveCfg = Debug|Any CPU
		{61E39C86-1A61-4E11-89CD-50F9530D2BBB}.Debug|Any CPU.Build.0 = Debug|Any CPU
		{61E39C86-1A61-4E11-89CD-50F9530D2BBB}.Release|Any CPU.ActiveCfg = Release|Any CPU
		{61E39C86-1A61-4E11-89CD-50F9530D2BBB}.Release|Any CPU.Build.0 = Release|Any CPU
	EndGlobalSection
	GlobalSection(SolutionProperties) = preSolution
		HideSolutionNode = FALSE
	EndGlobalSection
	GlobalSection(ExtensibilityGlobals) = postSolution
		SolutionGuid = {7BFF8203-1B33-4328-AA74-D01B5E395179}
	EndGlobalSection
EndGlobal
