
Microsoft Visual Studio Solution File, Format Version 12.00
# Visual Studio Version 17
VisualStudioVersion = 17.7.34221.43
MinimumVisualStudioVersion = 10.0.40219.1
Project("{FAE04EC0-301F-11D3-BF4B-00C04F79EFBC}") = "MojeDzwieki", "MojeDzwieki.csproj", "{62B6F2FA-D8DA-46F9-BE94-A8C946ADFEDD}"
EndProject
Global
	GlobalSection(SolutionConfigurationPlatforms) = preSolution
		Debug|Any CPU = Debug|Any CPU
		Release|Any CPU = Release|Any CPU
	EndGlobalSection
	GlobalSection(ProjectConfigurationPlatforms) = postSolution
		{62B6F2FA-D8DA-46F9-BE94-A8C946ADFEDD}.Debug|Any CPU.ActiveCfg = Debug|Any CPU
		{62B6F2FA-D8DA-46F9-BE94-A8C946ADFEDD}.Debug|Any CPU.Build.0 = Debug|Any CPU
		{62B6F2FA-D8DA-46F9-BE94-A8C946ADFEDD}.Release|Any CPU.ActiveCfg = Release|Any CPU
		{62B6F2FA-D8DA-46F9-BE94-A8C946ADFEDD}.Release|Any CPU.Build.0 = Release|Any CPU
	EndGlobalSection
	GlobalSection(SolutionProperties) = preSolution
		HideSolutionNode = FALSE
	EndGlobalSection
	GlobalSection(ExtensibilityGlobals) = postSolution
		SolutionGuid = {0F50E0FB-834D-40E4-BB66-CE3A4AEBB1BA}
	EndGlobalSection
EndGlobal
